
Microsoft Visual Studio Solution File, Format Version 12.00
# Visual Studio Version 16
VisualStudioVersion = 16.0.30621.155
MinimumVisualStudioVersion = 10.0.40219.1
Project("{FAE04EC0-301F-11D3-BF4B-00C04F79EFBC}") = "TaskManager", "TaskManager\TaskManager.csproj", "{45A9138A-8A25-4804-B355-EDED564240BF}"
EndProject
Project("{FAE04EC0-301F-11D3-BF4B-00C04F79EFBC}") = "TaskManagerBusinessLogic", "TaskManagerBusinessLogic\TaskManagerBusinessLogic.csproj", "{9DB40696-3F3B-4041-93C8-E27CC4774612}"
EndProject
Project("{FAE04EC0-301F-11D3-BF4B-00C04F79EFBC}") = "TaskManagerTest", "TaskManagerTest\TaskManagerTest.csproj", "{3BF24DE6-C599-4982-9E45-2DAE1CD76C7C}"
EndProject
Global
	GlobalSection(SolutionConfigurationPlatforms) = preSolution
		Debug|Any CPU = Debug|Any CPU
		Release|Any CPU = Release|Any CPU
	EndGlobalSection
	GlobalSection(ProjectConfigurationPlatforms) = postSolution
		{45A9138A-8A25-4804-B355-EDED564240BF}.Debug|Any CPU.ActiveCfg = Debug|Any CPU
		{45A9138A-8A25-4804-B355-EDED564240BF}.Debug|Any CPU.Build.0 = Debug|Any CPU
		{45A9138A-8A25-4804-B355-EDED564240BF}.Release|Any CPU.ActiveCfg = Release|Any CPU
		{45A9138A-8A25-4804-B355-EDED564240BF}.Release|Any CPU.Build.0 = Release|Any CPU
		{9DB40696-3F3B-4041-93C8-E27CC4774612}.Debug|Any CPU.ActiveCfg = Debug|Any CPU
		{9DB40696-3F3B-4041-93C8-E27CC4774612}.Debug|Any CPU.Build.0 = Debug|Any CPU
		{9DB40696-3F3B-4041-93C8-E27CC4774612}.Release|Any CPU.ActiveCfg = Release|Any CPU
		{9DB40696-3F3B-4041-93C8-E27CC4774612}.Release|Any CPU.Build.0 = Release|Any CPU
		{3BF24DE6-C599-4982-9E45-2DAE1CD76C7C}.Debug|Any CPU.ActiveCfg = Debug|Any CPU
		{3BF24DE6-C599-4982-9E45-2DAE1CD76C7C}.Debug|Any CPU.Build.0 = Debug|Any CPU
		{3BF24DE6-C599-4982-9E45-2DAE1CD76C7C}.Release|Any CPU.ActiveCfg = Release|Any CPU
		{3BF24DE6-C599-4982-9E45-2DAE1CD76C7C}.Release|Any CPU.Build.0 = Release|Any CPU
	EndGlobalSection
	GlobalSection(SolutionProperties) = preSolution
		HideSolutionNode = FALSE
	EndGlobalSection
	GlobalSection(ExtensibilityGlobals) = postSolution
		SolutionGuid = {E7005BBC-19E7-4119-B1AA-914ADCCB4005}
	EndGlobalSection
EndGlobal
